# This file is automatically @generated by Cargo.
# It is not intended for manual editing.
version = 4

[[package]]
name = "omafanctrl-cli"
version = "0.1.0"
dependencies = [
 "omafanctrl-core",
]

[[package]]
name = "omafanctrl-core"
version = "0.1.0"

[[package]]
name = "omafanctrl-gui"
version = "0.1.0"
dependencies = [
 "omafanctrl-core",
]

[[package]]
name = "omafanctrld"
version = "0.1.0"
dependencies = [
 "omafanctrl-core",
]
